{
  "version": 1,
  "dependencies": {
    "net10.0": {
      "Microsoft.Extensions.StaticAnalysis": {
        "type": "Direct",
        "requested": "[10.*, )",
        "resolved": "10.10.0",
        "contentHash": "MnUBTyalxH+t/6n/Kt6nuYGVFfJY9eGtBZ5P2gQNx2yRtPCec/jeiN+PCm16zpl+q3mdf/xEqoO/J3KBioMRCQ==",
        "dependencies": {
          "Microsoft.VisualStudio.Threading.Analyzers": "17.14.15",
          "SonarAnalyzer.CSharp": "10.16.0.128591"
        }
      },
      "Spectre.Console.Cli.Testing": {
        "type": "Direct",
        "requested": "[0.55.*, )",
        "resolved": "0.55.0",
        "contentHash": "gbuyr86XB6m+rBGQ/bNU3a0LdLS44mmwVIT6bSKttBX9g/wU8f6FCSPKBnKpa1GM9DgS6RQ/NfDEwntl95uIaA==",
        "dependencies": {
          "Spectre.Console.Cli": "0.55.0",
          "Spectre.Console.Testing": "0.55.0"
        }
      },
      "TUnit": {
        "type": "Direct",
        "requested": "[1.71.*, )",
        "resolved": "1.71.0",
        "contentHash": "5KqQBMXvPAvw1UgYK1bgYIdd7EU0LfKQRZ/nC4wIj/brUewZQIc6DF6wT4HPaI/olNbJ2qfLw1pK29LChH1i0w==",
        "dependencies": {
          "Microsoft.Testing.Extensions.CodeCoverage": "18.11.2",
          "Microsoft.Testing.Extensions.Telemetry": "2.4.1",
          "Microsoft.Testing.Extensions.TrxReport": "2.4.1",
          "TUnit.Assertions": "1.71.0",
          "TUnit.Engine": "1.71.0"
        }
      },
      "TUnit.Mocks": {
        "type": "Direct",
        "requested": "[1.71.*, )",
        "resolved": "1.71.0",
        "contentHash": "L2Y3pNJlqQBukvDgwrzfDeQ9nI1VCeiCT72fpaaiJqhKF7MoqX0+vrVnb/TnrPahkaeBjGZTpIZv5c0Vr1HDfw==",
        "dependencies": {
          "TUnit.Core": "1.71.0"
        }
      },
      "AngleSharp": {
        "type": "Transitive",
        "resolved": "1.8.2",
        "contentHash": "iRlkfBIhi+gTgTxBlYNT4PlmaiVEy7+qX3BmprAK4cYE1UjfSNFI4mEDyxC1qgtAKYg5rjGYgL3tJlzGF+Ukdg=="
      },
      "Markdig": {
        "type": "Transitive",
        "resolved": "1.4.0",
        "contentHash": "lLhaiI/mNDTNzgLqnmknhf4LjgTqOAyjx5+GNz0X3AxYMxUhmFppF2WVMdER+SDqwhE5wUF1pzs/cuLwFxs7xA=="
      },
      "Microsoft.ApplicationInsights": {
        "type": "Transitive",
        "resolved": "2.23.0",
        "contentHash": "nWArUZTdU7iqZLycLKWe0TDms48KKGE6pONH2terYNa8REXiqixrMOkf1sk5DHGMaUTqONU2YkS4SAXBhLStgw=="
      },
      "Microsoft.DiaSymReader": {
        "type": "Transitive",
        "resolved": "2.2.10",
        "contentHash": "zmGsm6b2y3STDa/Of7rdkkfTDV8VuGB8aCqIkLoJIQh5tL78K3zJ8OUyFKnfsaORXmGr9iOKwDkZfUjeXi+CwA=="
      },
      "Microsoft.Extensions.DependencyInjection": {
        "type": "Transitive",
        "resolved": "10.0.12",
        "contentHash": "lXyK2O5GoYvfxW8eCFcD16JFbcoSTM1sJkAM0UHS1jZyl9NYMW64Tqm6OQFT0IDBjZi+xHt95/Zg+nxZhGFhZg==",
        "dependencies": {
          "Microsoft.Extensions.DependencyInjection.Abstractions": "10.0.12"
        }
      },
      "Microsoft.Extensions.DependencyInjection.Abstractions": {
        "type": "Transitive",
        "resolved": "10.0.12",
        "contentHash": "9/qymSh7hVDMGTGwrLz8MRp5zRyXy9adGDOs4HwRdnLil3oZGYuWeZjbmHgCQ9BL1qBroVfgUK3U/nb61617Cw=="
      },
      "Microsoft.Extensions.DependencyModel": {
        "type": "Transitive",
        "resolved": "10.0.10",
        "contentHash": "rfZA1RjR021RPqSmIPovfz2aOd79TGqJ9BengbjnzIISOVwjLmuSDnhCMmiY/1c6iYvGolQ1iNGzkav0u11XEA=="
      },
      "Microsoft.Extensions.FileSystemGlobbing": {
        "type": "Transitive",
        "resolved": "10.0.12",
        "contentHash": "45cV+UeI0chPAIXrx9Wv7K4PJXuuIR2pnOur5MOAo6kOFclBHSLLDrvGAxMfWRMtUvpv/kQZkxlgaUN56jwzSQ=="
      },
      "Microsoft.OpenApi": {
        "type": "Transitive",
        "resolved": "1.6.31",
        "contentHash": "58ggc22i0BKvHuVoj5oVVQ7EbMkEMY0FvGeoQ/yBemk36pUbroDoj1XxRTnCi+fsgDTDuf+YZmigHkEzs5B2wA=="
      },
      "Microsoft.OpenApi.Readers": {
        "type": "Transitive",
        "resolved": "1.6.31",
        "contentHash": "MbtHhR2vYs11EE71ywvmyppzp0noC3XHKzdI6m/9mwKRzw4IVCGuHHWDnmjr1BX90CIOOxbz6WszBJt3a+WGBg==",
        "dependencies": {
          "Microsoft.OpenApi": "1.6.31",
          "SharpYaml": "2.1.5"
        }
      },
      "Microsoft.Testing.Extensions.CodeCoverage": {
        "type": "Transitive",
        "resolved": "18.11.2",
        "contentHash": "bT6awBEUR+fjPpeLAN++4qx5q0sgA9SeJt6QfijnFFPxNSr68BYsYFMQH8L8kY6vMJd3fuvFAFBht4JtWQcWtQ==",
        "dependencies": {
          "Microsoft.DiaSymReader": "2.2.10",
          "Microsoft.Extensions.DependencyModel": "10.0.10",
          "Microsoft.Testing.Platform": "2.4.0"
        }
      },
      "Microsoft.Testing.Extensions.Telemetry": {
        "type": "Transitive",
        "resolved": "2.4.1",
        "contentHash": "C+bq5ydHrBNCDXjvFtRa1/JcAS2Wq2dpXOnzy/TFYC8qb1dDEgB1XhQayBaYE/5BKviikByHb7mth8P+qJaOJw==",
        "dependencies": {
          "Microsoft.ApplicationInsights": "2.23.0",
          "Microsoft.Testing.Platform": "[2.4.1, 3.0.0)"
        }
      },
      "Microsoft.Testing.Extensions.TrxReport": {
        "type": "Transitive",
        "resolved": "2.4.1",
        "contentHash": "KGAvJKRqhod45ecH4L1cCKIjGrzziUcLo3L4hRlfOg/Ww2Q7MnA30qHY2rnKzGyLVWf91tc2VleGe8c33FmPaQ==",
        "dependencies": {
          "Microsoft.Testing.Extensions.TrxReport.Abstractions": "2.4.1",
          "Microsoft.Testing.Platform": "[2.4.1, 3.0.0)"
        }
      },
      "Microsoft.Testing.Extensions.TrxReport.Abstractions": {
        "type": "Transitive",
        "resolved": "2.4.1",
        "contentHash": "tDxLLic2IfeChbyo8oeGZj/eBdFpPe3Dp80hUoIOefSCqqMHbsob+lX1TfFWV75PJCPouxj2zz0zzPHZxiM4nQ==",
        "dependencies": {
          "Microsoft.Testing.Platform": "[2.4.1, 3.0.0)"
        }
      },
      "Microsoft.Testing.Platform": {
        "type": "Transitive",
        "resolved": "2.4.1",
        "contentHash": "3nW9NyhN1BnHRF994DCOOUQCqVA9pDT+gPpbuhI/xUntZnGnXO4ySovKxFlFuoT/48pnI74LK/DeKVlve1L3VQ=="
      },
      "Microsoft.Testing.Platform.MSBuild": {
        "type": "Transitive",
        "resolved": "2.4.1",
        "contentHash": "K4W2hAATe9wA1xt4oEZWmUsnQqnLD5H18NXKsm81xclf9PI4AHieb3DxJpE/2uA6Xl9DtjpLXif7/9Sn8Y2y7w==",
        "dependencies": {
          "Microsoft.Testing.Platform": "[2.4.1, 3.0.0)"
        }
      },
      "Microsoft.VisualStudio.Threading.Analyzers": {
        "type": "Transitive",
        "resolved": "17.14.15",
        "contentHash": "mXQPJsbuUD2ydq4/ffd8h8tSOFCXec+2xJOVNCvXjuMOq/+5EKHq3D2m2MC2+nUaXeFMSt66VS/J4HdKBixgcw=="
      },
      "Newtonsoft.Json": {
        "type": "Transitive",
        "resolved": "13.0.3",
        "contentHash": "HrC5BXdl00IP9zeV+0Z848QWPAoCr9P3bDEZguI+gkLcBKAOxix/tLEAAHC+UvDNPv4a2d18lOReHMOagPa+zQ=="
      },
      "NuGet.Common": {
        "type": "Transitive",
        "resolved": "7.9.0",
        "contentHash": "OWFEzHpwvgzSaHYmWzfbyTm6oBOy/BFSFEDk73zM9jiJaxdopYZ/DrqIQogaM3F+ZGTppBJffmzu5adetEI/YA==",
        "dependencies": {
          "NuGet.Frameworks": "7.9.0"
        }
      },
      "NuGet.Configuration": {
        "type": "Transitive",
        "resolved": "7.9.0",
        "contentHash": "oY9XZp+TWjOmiGmU4R4JWBRY3F4TAVo7tqPr/z7MOsFcEpdYHMryjNSscoLBxUTR3WmFmYgO0Gvu4eRbz6pzOg==",
        "dependencies": {
          "NuGet.Common": "7.9.0",
          "System.Security.Cryptography.ProtectedData": "8.0.0"
        }
      },
      "NuGet.Frameworks": {
        "type": "Transitive",
        "resolved": "7.9.0",
        "contentHash": "w2adPmgUafmW9ON1MzDjuHmViN0vtiPV48Dz3OE6px8BiGSqrnWHOjwFEPOEPAZx20J1c7bxp90Hxo9l4xGWtw=="
      },
      "NuGet.Packaging": {
        "type": "Transitive",
        "resolved": "7.9.0",
        "contentHash": "Q2jxuud5kJLV0rUzsC02iC5ts8QsQu9UVyMvF8lULY3TwHL/W/PrnQ9bQFvMR7jJkzF1uilRPI1o+7VOtc2XMg==",
        "dependencies": {
          "Newtonsoft.Json": "13.0.3",
          "NuGet.Configuration": "7.9.0",
          "NuGet.Versioning": "7.9.0",
          "System.Security.Cryptography.Pkcs": "8.0.1"
        }
      },
      "NuGet.Protocol": {
        "type": "Transitive",
        "resolved": "7.9.0",
        "contentHash": "Ts0qPUGJYfFHhlNSSWWrkaSG6++WqS6ry32WmQA7eNdzTc9SumyhDflITcusBYkT6pEQD5BI1UEByakciV3s0A==",
        "dependencies": {
          "NuGet.Packaging": "7.9.0"
        }
      },
      "NuGet.Versioning": {
        "type": "Transitive",
        "resolved": "7.9.0",
        "contentHash": "r4sZuVpVqwSBLe4qYDrnpScqdyctlRXg0HSF5OoCGkeBc8b+o8BBYHuI/u1RoWYX78PbieijU13TBt71/Xf3lw=="
      },
      "NUglify": {
        "type": "Transitive",
        "resolved": "1.23.3",
        "contentHash": "QdHmq6ApqCIxvbGPF4C9gY3A+n0DGsD74Hye0aivvf8hJqBanlsKysqTADSsWdzhvKx+XjG7zXHn/HAV6eLuuQ=="
      },
      "Scriban": {
        "type": "Transitive",
        "resolved": "7.5.0",
        "contentHash": "5Dk6VXG6dimWQFRtCs202cYYkdE1GeOqpUgCwNSp4C4NhpjeMaVNssxe6Ifb1Z3HCfabvrbk9XLbvQXeZXG91w=="
      },
      "SharpYaml": {
        "type": "Transitive",
        "resolved": "2.1.5",
        "contentHash": "1pNSpfXxNAgCQ9sacKKpEWO2DxTefoLEjw0v1nWMvyJScUWacoHvjXr4LfcUkhm0qYgNYripFFiUeEzW4tdXIQ=="
      },
      "SkiaSharp": {
        "type": "Transitive",
        "resolved": "4.151.1",
        "contentHash": "FNlVsGZ9to3o9pObVqhIZanHjUGOoPb/Zxk5svCSLMJnKwxPKV7sIJrjs9BpB/jF3j9OdsaMOb4cfwSJbjueSw==",
        "dependencies": {
          "SkiaSharp.NativeAssets.Win32": "4.151.1",
          "SkiaSharp.NativeAssets.macOS": "4.151.1"
        }
      },
      "SkiaSharp.NativeAssets.Linux.NoDependencies": {
        "type": "Transitive",
        "resolved": "4.151.1",
        "contentHash": "lqPwXxYhKlmRfCuq1vGRLYEtRo3tn3ij1IGi0tI2qzkKHU6HOznHqZW+NqHV8aSKasPmRawbwlKLLPI132+SEA=="
      },
      "SkiaSharp.NativeAssets.macOS": {
        "type": "Transitive",
        "resolved": "4.151.1",
        "contentHash": "nLXwdhi0oB7pqqNLbSOLX+FIZQOMAU/yFPspzcDTJjTmPbMWyp0JWyeVj8sFJ/cweurEfT0J/lvfgdXX2EFHXA=="
      },
      "SkiaSharp.NativeAssets.Win32": {
        "type": "Transitive",
        "resolved": "4.151.1",
        "contentHash": "G+nln30ZX2ZuhH+ungf6x/QMXCje38KTS0VTfQeMyeY8uyMBmsZwFz2D30ZxUjZqsVbEIcaC2bsYF65876s4Yg=="
      },
      "SonarAnalyzer.CSharp": {
        "type": "Transitive",
        "resolved": "10.16.0.128591",
        "contentHash": "W/jZGbsMFvnTY112Ab2WZArzWtkGQuMrQdromFpDak+GO/DKcgn4O2tTun/fQgDBpnQJOyyTdzQrQPzPJ544jg=="
      },
      "Spectre.Console": {
        "type": "Transitive",
        "resolved": "0.55.0",
        "contentHash": "2TVhUHFsDux0Z+y2Hv4bFsOMuON4SuotEEKkMparFkp5Rm259naaaEQrN4Sv6C1cbsiGKPjfkJDGgUp+hZPjTw==",
        "dependencies": {
          "Spectre.Console.Ansi": "0.55.0"
        }
      },
      "Spectre.Console.Ansi": {
        "type": "Transitive",
        "resolved": "0.55.0",
        "contentHash": "GIfgOvuF8MpU52bprhwtDEtx0gmVIGOepM8bw0lH/TSMD0rg1Xp+5Y53kPG8rFVdcpbNANlhDQ5mEVVPO3/2Tg=="
      },
      "Spectre.Console.Cli": {
        "type": "Transitive",
        "resolved": "0.55.0",
        "contentHash": "cFJTB1te4eaAICd4Zp+8T/kiRn1ikQxgGqmoNarb1qoQ/7LzHAvVQ62x5U9GW3E0QI7sZLcXIIoq4CpqgTx42Q==",
        "dependencies": {
          "Spectre.Console": "0.55.0"
        }
      },
      "Spectre.Console.Testing": {
        "type": "Transitive",
        "resolved": "0.55.0",
        "contentHash": "QL2DGnnS85j4Scc2M6Tw+ABNCf8mN/VfvK06uTcMA0jTAv0E5mrN90Aik4jIWw2p23SaQfn0TfP51qz6pEE6cA==",
        "dependencies": {
          "Spectre.Console": "0.55.0"
        }
      },
      "System.Security.Cryptography.Pkcs": {
        "type": "Transitive",
        "resolved": "8.0.1",
        "contentHash": "CoCRHFym33aUSf/NtWSVSZa99dkd0Hm7OCZUxORBjRB16LNhIEOf8THPqzIYlvKM0nNDAPTRBa1FxEECrgaxxA=="
      },
      "System.Security.Cryptography.ProtectedData": {
        "type": "Transitive",
        "resolved": "8.0.0",
        "contentHash": "+TUFINV2q2ifyXauQXRwy4CiBhqvDEDZeVJU7qfxya4aRYOKzVBpN+4acx25VcPB9ywUN6C0n8drWl110PhZEg=="
      },
      "TUnit.Assertions": {
        "type": "Transitive",
        "resolved": "1.71.0",
        "contentHash": "gMJRdY6TAjsghWxSOF3IspyYUl8IAGgoPzY5/H9hk1womKj4sLrwTZh3HyI2eZbb+CFJBo1zZ+EQ8qjAH4AUwQ=="
      },
      "TUnit.Core": {
        "type": "Transitive",
        "resolved": "1.71.0",
        "contentHash": "+ogStUKTskpNGEIbavJXkuEMPg8rX23hCv1B5fOKLtTHIQUr0ZcC/qPe9cpXfgr2kxhgwx1Ik+KgqVDmzEuO8g=="
      },
      "TUnit.Engine": {
        "type": "Transitive",
        "resolved": "1.71.0",
        "contentHash": "/C0iNr6LM0/Srrf6ciRlrc460VFY4+VRSImmODkGrRiHIMiFC29GV8lVAmjmjYSRgTPw7f+ZbEIS1o88fVutnQ==",
        "dependencies": {
          "Microsoft.Testing.Extensions.TrxReport.Abstractions": "2.4.1",
          "Microsoft.Testing.Platform": "2.4.1",
          "Microsoft.Testing.Platform.MSBuild": "2.4.1",
          "TUnit.Core": "1.71.0"
        }
      },
      "YamlDotNet": {
        "type": "Transitive",
        "resolved": "18.1.0",
        "contentHash": "5K+9KFg2TdTl7VXv88Qzi/0lqK6JFoNP3lRuImPYGRV7K/QYklDyTrj4+A+KAki1JsQi6qKY+hDyY7d6WRqjrw=="
      },
      "Kiln": {
        "type": "Project",
        "dependencies": {
          "Kiln.Core": "[1.2.0-beta.9, )",
          "Microsoft.Extensions.DependencyInjection": "[10.*, )",
          "Spectre.Console.Cli": "[0.55.*, )"
        }
      },
      "kiln.abstractions": {
        "type": "Project"
      },
      "kiln.core": {
        "type": "Project",
        "dependencies": {
          "AngleSharp": "[1.*, )",
          "Kiln.Abstractions": "[1.2.0-beta.9, )",
          "Markdig": "[1.*, )",
          "Microsoft.Extensions.DependencyInjection": "[10.*, )",
          "Microsoft.Extensions.FileSystemGlobbing": "[10.*, )",
          "Microsoft.OpenApi.Readers": "[1.6.31, )",
          "NUglify": "[1.23.3, )",
          "NuGet.Packaging": "[7.*, )",
          "NuGet.Protocol": "[7.*, )",
          "Scriban": "[7.*, )",
          "SharpYaml": "[2.1.5, )",
          "SkiaSharp": "[4.151.1, )",
          "SkiaSharp.NativeAssets.Linux.NoDependencies": "[4.151.1, )",
          "YamlDotNet": "[18.*, )"
        }
      }
    }
  }
}