{
  "version": 1,
  "dependencies": {
    "net10.0": {
      "AngleSharp": {
        "type": "Direct",
        "requested": "[1.*, )",
        "resolved": "1.7.2",
        "contentHash": "r1rb5Qo/0KPzmP0nbSiXPDVfh4Ctu0B+y1RyyUq73g4sgAmEW7q10RDyTq2ZsILwtO9O2LAvMrUles7eD4zz1g=="
      },
      "Markdig": {
        "type": "Direct",
        "requested": "[1.*, )",
        "resolved": "1.3.2",
        "contentHash": "fZgOC/3CswUrndjDTac70aQpYdtxbW5+5bRumR7vzvI2HJbkmgKisB1c9oT+GA6v0jB/JDR9BLa9FiPzQmaK6A=="
      },
      "Microsoft.Extensions.DependencyInjection": {
        "type": "Direct",
        "requested": "[10.*, )",
        "resolved": "10.0.11",
        "contentHash": "PSmotV19c7E3lKed++uYo1kSiXFI+uTl37CBSrhq+CfLC3FCHjG7R91+xPnNehQfHS1b0Tzo/CCLPWH3qaEheg==",
        "dependencies": {
          "Microsoft.Extensions.DependencyInjection.Abstractions": "10.0.11"
        }
      },
      "Microsoft.Extensions.FileSystemGlobbing": {
        "type": "Direct",
        "requested": "[10.*, )",
        "resolved": "10.0.11",
        "contentHash": "2i6rtW/B5rCnWCnhdmWWEmaM9O0HD0zsPY9eRqa++y4tclI3Uw8zvGbBvhY/LjAdtf8gUHhUPcAWj3DRlWMXmQ=="
      },
      "Microsoft.Extensions.StaticAnalysis": {
        "type": "Direct",
        "requested": "[10.*, )",
        "resolved": "10.9.0",
        "contentHash": "nr/qlyyeJI+NTEQ9DbWBwK0bZcmztw9N6lIwhKlANaZLH/LGf5G1T2kgOcPyE/w9viYu/+54gq/J8p8zpbKyAg==",
        "dependencies": {
          "Microsoft.VisualStudio.Threading.Analyzers": "17.14.15",
          "SonarAnalyzer.CSharp": "10.16.0.128591"
        }
      },
      "Microsoft.OpenApi.Readers": {
        "type": "Direct",
        "requested": "[1.6.31, )",
        "resolved": "1.6.31",
        "contentHash": "MbtHhR2vYs11EE71ywvmyppzp0noC3XHKzdI6m/9mwKRzw4IVCGuHHWDnmjr1BX90CIOOxbz6WszBJt3a+WGBg==",
        "dependencies": {
          "Microsoft.OpenApi": "1.6.31",
          "SharpYaml": "2.1.5"
        }
      },
      "NUglify": {
        "type": "Direct",
        "requested": "[1.22.4, )",
        "resolved": "1.22.4",
        "contentHash": "/kNA+4k7krf3hCQ0n707+FyGmjKM6crcOCjhppbT7AWZzl2ntDkEUcKFpKwonbdu7RdcYoD6AksUdqKqBKXZFQ=="
      },
      "Scriban": {
        "type": "Direct",
        "requested": "[7.*, )",
        "resolved": "7.2.6",
        "contentHash": "k6DvaRY83jtigNudMoYlN5Zg42JEDDOCSeKrnpHiE5Gthkd9Fr+6VnYFnL3DqtkZTtPezJJdoX3ZfOTTFpQEMg=="
      },
      "SharpYaml": {
        "type": "Direct",
        "requested": "[2.1.5, )",
        "resolved": "2.1.5",
        "contentHash": "1pNSpfXxNAgCQ9sacKKpEWO2DxTefoLEjw0v1nWMvyJScUWacoHvjXr4LfcUkhm0qYgNYripFFiUeEzW4tdXIQ=="
      },
      "SkiaSharp": {
        "type": "Direct",
        "requested": "[4.151.1, )",
        "resolved": "4.151.1",
        "contentHash": "FNlVsGZ9to3o9pObVqhIZanHjUGOoPb/Zxk5svCSLMJnKwxPKV7sIJrjs9BpB/jF3j9OdsaMOb4cfwSJbjueSw==",
        "dependencies": {
          "SkiaSharp.NativeAssets.Win32": "4.151.1",
          "SkiaSharp.NativeAssets.macOS": "4.151.1"
        }
      },
      "SkiaSharp.NativeAssets.Linux.NoDependencies": {
        "type": "Direct",
        "requested": "[4.151.1, )",
        "resolved": "4.151.1",
        "contentHash": "lqPwXxYhKlmRfCuq1vGRLYEtRo3tn3ij1IGi0tI2qzkKHU6HOznHqZW+NqHV8aSKasPmRawbwlKLLPI132+SEA=="
      },
      "YamlDotNet": {
        "type": "Direct",
        "requested": "[18.*, )",
        "resolved": "18.1.0",
        "contentHash": "5K+9KFg2TdTl7VXv88Qzi/0lqK6JFoNP3lRuImPYGRV7K/QYklDyTrj4+A+KAki1JsQi6qKY+hDyY7d6WRqjrw=="
      },
      "Microsoft.Extensions.DependencyInjection.Abstractions": {
        "type": "Transitive",
        "resolved": "10.0.11",
        "contentHash": "/a1aJz4m7ylhEDf25ugQChLQoN5XwoGjWw/BoR/ZWWKsO1v4DdJElS1uyngahz4B/eOzjFk1KNTkarRLE5wsIg=="
      },
      "Microsoft.OpenApi": {
        "type": "Transitive",
        "resolved": "1.6.31",
        "contentHash": "58ggc22i0BKvHuVoj5oVVQ7EbMkEMY0FvGeoQ/yBemk36pUbroDoj1XxRTnCi+fsgDTDuf+YZmigHkEzs5B2wA=="
      },
      "Microsoft.VisualStudio.Threading.Analyzers": {
        "type": "Transitive",
        "resolved": "17.14.15",
        "contentHash": "mXQPJsbuUD2ydq4/ffd8h8tSOFCXec+2xJOVNCvXjuMOq/+5EKHq3D2m2MC2+nUaXeFMSt66VS/J4HdKBixgcw=="
      },
      "SkiaSharp.NativeAssets.macOS": {
        "type": "Transitive",
        "resolved": "4.151.1",
        "contentHash": "nLXwdhi0oB7pqqNLbSOLX+FIZQOMAU/yFPspzcDTJjTmPbMWyp0JWyeVj8sFJ/cweurEfT0J/lvfgdXX2EFHXA=="
      },
      "SkiaSharp.NativeAssets.Win32": {
        "type": "Transitive",
        "resolved": "4.151.1",
        "contentHash": "G+nln30ZX2ZuhH+ungf6x/QMXCje38KTS0VTfQeMyeY8uyMBmsZwFz2D30ZxUjZqsVbEIcaC2bsYF65876s4Yg=="
      },
      "SonarAnalyzer.CSharp": {
        "type": "Transitive",
        "resolved": "10.16.0.128591",
        "contentHash": "W/jZGbsMFvnTY112Ab2WZArzWtkGQuMrQdromFpDak+GO/DKcgn4O2tTun/fQgDBpnQJOyyTdzQrQPzPJ544jg=="
      },
      "kiln.abstractions": {
        "type": "Project"
      }
    }
  }
}