{
  "version": 1,
  "dependencies": {
    "net10.0": {
      "Markdig": {
        "type": "Direct",
        "requested": "[0.*, )",
        "resolved": "0.45.0",
        "contentHash": "ObNLcA1b+0lpNNoEg256g9faMeJZi35wZW0AnKJ4nGPJe+5qkwnV26kUvQTHuanFnSX9SdvPzOO41BVJ6XarAg=="
      },
      "Microsoft.Extensions.StaticAnalysis": {
        "type": "Direct",
        "requested": "[10.*, )",
        "resolved": "10.7.0",
        "contentHash": "rA7qa/5zGeuepU76QAfkaW6MmoDRDn7Rz5eH5d+KscjEe+gnW4FCudRXOPLLD9Hn+Mfi0/D/FD15jP3jcho/uQ==",
        "dependencies": {
          "Microsoft.VisualStudio.Threading.Analyzers": "17.14.15",
          "SonarAnalyzer.CSharp": "10.16.0.128591"
        }
      },
      "Scriban": {
        "type": "Direct",
        "requested": "[7.*, )",
        "resolved": "7.2.4",
        "contentHash": "hx7WeBo0aObZ3v9ZzicZYQtu7fH+I1pRRnzQbv8r0blUhiH9Ay+60/GwkAJZJ7133dr3ZWkzqUqnSloczOf+jw=="
      },
      "YamlDotNet": {
        "type": "Direct",
        "requested": "[16.*, )",
        "resolved": "16.3.0",
        "contentHash": "SgMOdxbz8X65z8hraIs6hOEdnkH6hESTAIUa7viEngHOYaH+6q5XJmwr1+yb9vJpNQ19hCQY69xbFsLtXpobQA=="
      },
      "Microsoft.VisualStudio.Threading.Analyzers": {
        "type": "Transitive",
        "resolved": "17.14.15",
        "contentHash": "mXQPJsbuUD2ydq4/ffd8h8tSOFCXec+2xJOVNCvXjuMOq/+5EKHq3D2m2MC2+nUaXeFMSt66VS/J4HdKBixgcw=="
      },
      "SonarAnalyzer.CSharp": {
        "type": "Transitive",
        "resolved": "10.16.0.128591",
        "contentHash": "W/jZGbsMFvnTY112Ab2WZArzWtkGQuMrQdromFpDak+GO/DKcgn4O2tTun/fQgDBpnQJOyyTdzQrQPzPJ544jg=="
      }
    }
  }
}